
Microsoft Visual Studio Solution File, Format Version 12.00
# Visual Studio Version 16
VisualStudioVersion = 16.0.31515.178
MinimumVisualStudioVersion = 10.0.40219.1
Project("{FAE04EC0-301F-11D3-BF4B-00C04F79EFBC}") = "KWire", "KWire.csproj", "{8D60945A-2EE5-4D7B-A53E-41193CE0E8C2}"
EndProject
Project("{9A19103F-16F7-4668-BE54-9A1E7A4F7556}") = "Lawo", "..\..\..\OneDrive - NRK\Dev\Ember+\emberplus-sharp fra SR\ember-plus-sharp-master\Lawo\Lawo.csproj", "{EB499144-AC10-4106-B3D6-6BBF3B0A01B0}"
EndProject
Project("{9A19103F-16F7-4668-BE54-9A1E7A4F7556}") = "Lawo.EmberPlusSharp", "..\..\..\OneDrive - NRK\Dev\Ember+\emberplus-sharp fra SR\ember-plus-sharp-master\Lawo.EmberPlusSharp\Lawo.EmberPlusSharp.csproj", "{648C2C88-D421-42A3-946F-7F28C8844324}"
EndProject
Global
	GlobalSection(SolutionConfigurationPlatforms) = preSolution
		Debug|Any CPU = Debug|Any CPU
		Debug|x64 = Debug|x64
		Release|Any CPU = Release|Any CPU
		Release|x64 = Release|x64
	EndGlobalSection
	GlobalSection(ProjectConfigurationPlatforms) = postSolution
		{8D60945A-2EE5-4D7B-A53E-41193CE0E8C2}.Debug|Any CPU.ActiveCfg = Debug|Any CPU
		{8D60945A-2EE5-4D7B-A53E-41193CE0E8C2}.Debug|Any CPU.Build.0 = Debug|Any CPU
		{8D60945A-2EE5-4D7B-A53E-41193CE0E8C2}.Debug|x64.ActiveCfg = Debug|x64
		{8D60945A-2EE5-4D7B-A53E-41193CE0E8C2}.Debug|x64.Build.0 = Debug|x64
		{8D60945A-2EE5-4D7B-A53E-41193CE0E8C2}.Release|Any CPU.ActiveCfg = Release|Any CPU
		{8D60945A-2EE5-4D7B-A53E-41193CE0E8C2}.Release|Any CPU.Build.0 = Release|Any CPU
		{8D60945A-2EE5-4D7B-A53E-41193CE0E8C2}.Release|x64.ActiveCfg = Release|x64
		{8D60945A-2EE5-4D7B-A53E-41193CE0E8C2}.Release|x64.Build.0 = Release|x64
		{EB499144-AC10-4106-B3D6-6BBF3B0A01B0}.Debug|Any CPU.ActiveCfg = Debug|Any CPU
		{EB499144-AC10-4106-B3D6-6BBF3B0A01B0}.Debug|Any CPU.Build.0 = Debug|Any CPU
		{EB499144-AC10-4106-B3D6-6BBF3B0A01B0}.Debug|x64.ActiveCfg = Debug|Any CPU
		{EB499144-AC10-4106-B3D6-6BBF3B0A01B0}.Debug|x64.Build.0 = Debug|Any CPU
		{EB499144-AC10-4106-B3D6-6BBF3B0A01B0}.Release|Any CPU.ActiveCfg = Release|Any CPU
		{EB499144-AC10-4106-B3D6-6BBF3B0A01B0}.Release|Any CPU.Build.0 = Release|Any CPU
		{EB499144-AC10-4106-B3D6-6BBF3B0A01B0}.Release|x64.ActiveCfg = Release|Any CPU
		{EB499144-AC10-4106-B3D6-6BBF3B0A01B0}.Release|x64.Build.0 = Release|Any CPU
		{648C2C88-D421-42A3-946F-7F28C8844324}.Debug|Any CPU.ActiveCfg = Debug|Any CPU
		{648C2C88-D421-42A3-946F-7F28C8844324}.Debug|Any CPU.Build.0 = Debug|Any CPU
		{648C2C88-D421-42A3-946F-7F28C8844324}.Debug|x64.ActiveCfg = Debug|Any CPU
		{648C2C88-D421-42A3-946F-7F28C8844324}.Debug|x64.Build.0 = Debug|Any CPU
		{648C2C88-D421-42A3-946F-7F28C8844324}.Release|Any CPU.ActiveCfg = Release|Any CPU
		{648C2C88-D421-42A3-946F-7F28C8844324}.Release|Any CPU.Build.0 = Release|Any CPU
		{648C2C88-D421-42A3-946F-7F28C8844324}.Release|x64.ActiveCfg = Release|Any CPU
		{648C2C88-D421-42A3-946F-7F28C8844324}.Release|x64.Build.0 = Release|Any CPU
	EndGlobalSection
	GlobalSection(SolutionProperties) = preSolution
		HideSolutionNode = FALSE
	EndGlobalSection
	GlobalSection(ExtensibilityGlobals) = postSolution
		SolutionGuid = {9B43FB32-8057-40FB-A788-0363BA188CE3}
	EndGlobalSection
EndGlobal
